<?xml version="1.0" encoding="utf-8"?>
<Project ToolsVersion="14.0" xmlns="http://schemas.microsoft.com/developer/msbuild/2003">
	<ItemGroup>
		<Filter Include="Source Files">
			<UniqueIdentifier>{B7428426-DC37-437B-A28A-DAA6B446AD44}</UniqueIdentifier>
			<Extensions>c;cpp</Extensions>
		</Filter>
		<Filter Include="Include Files">
			<UniqueIdentifier>{F440D417-5459-4142-9165-190BEB5D7C75}</UniqueIdentifier>
			<Extensions>h;hpp</Extensions>
		</Filter>
		<Filter Include="Resources">
			<UniqueIdentifier>{042C0628-C320-48FB-808F-8638C4E79157}</UniqueIdentifier>
			<Extensions>rc;appxmanifest;pfx;txt;def;xml</Extensions>
		</Filter>
	</ItemGroup>
	<ItemGroup>
		<ClCompile Include="..\..\code\cgame\cg_consolecmds.c">
			<Filter>Source Files</Filter>
		</ClCompile>
		<ClCompile Include="..\..\code\cgame\cg_draw.c">
			<Filter>Source Files</Filter>
		</ClCompile>
		<ClCompile Include="..\..\code\cgame\cg_drawtools.c">
			<Filter>Source Files</Filter>
		</ClCompile>
		<ClCompile Include="..\..\code\cgame\cg_effects.c">
			<Filter>Source Files</Filter>
		</ClCompile>
		<ClCompile Include="..\..\code\cgame\cg_ents.c">
			<Filter>Source Files</Filter>
		</ClCompile>
		<ClCompile Include="..\..\code\cgame\cg_event.c">
			<Filter>Source Files</Filter>
		</ClCompile>
		<ClCompile Include="..\..\code\cgame\cg_info.c">
			<Filter>Source Files</Filter>
		</ClCompile>
		<ClCompile Include="..\..\code\cgame\cg_localents.c">
			<Filter>Source Files</Filter>
		</ClCompile>
		<ClCompile Include="..\..\code\cgame\cg_main.c">
			<Filter>Source Files</Filter>
		</ClCompile>
		<ClCompile Include="..\..\code\cgame\cg_marks.c">
			<Filter>Source Files</Filter>
		</ClCompile>
		<ClCompile Include="..\..\code\cgame\cg_newdraw.c">
			<Filter>Source Files</Filter>
		</ClCompile>
		<ClCompile Include="..\..\code\cgame\cg_particles.c">
			<Filter>Source Files</Filter>
		</ClCompile>
		<ClCompile Include="..\..\code\cgame\cg_players.c">
			<Filter>Source Files</Filter>
		</ClCompile>
		<ClCompile Include="..\..\code\cgame\cg_playerstate.c">
			<Filter>Source Files</Filter>
		</ClCompile>
		<ClCompile Include="..\..\code\cgame\cg_predict.c">
			<Filter>Source Files</Filter>
		</ClCompile>
		<ClCompile Include="..\..\code\cgame\cg_scoreboard.c">
			<Filter>Source Files</Filter>
		</ClCompile>
		<ClCompile Include="..\..\code\cgame\cg_servercmds.c">
			<Filter>Source Files</Filter>
		</ClCompile>
		<ClCompile Include="..\..\code\cgame\cg_snapshot.c">
			<Filter>Source Files</Filter>
		</ClCompile>
		<ClCompile Include="..\..\code\cgame\cg_syscalls.c">
			<Filter>Source Files</Filter>
		</ClCompile>
		<ClCompile Include="..\..\code\cgame\cg_view.c">
			<Filter>Source Files</Filter>
		</ClCompile>
		<ClCompile Include="..\..\code\cgame\cg_weapons.c">
			<Filter>Source Files</Filter>
		</ClCompile>
	</ItemGroup>
	<ItemGroup>
		<ClInclude Include="..\..\code\cgame\cg_local.h">
			<Filter>Include Files</Filter>
		</ClInclude>
		<ClInclude Include="..\..\code\cgame\cg_public.h">
			<Filter>Include Files</Filter>
		</ClInclude>
		<ClInclude Include="..\..\code\cgame\tr_types.h">
			<Filter>Include Files</Filter>
		</ClInclude>
	</ItemGroup>
	<ItemGroup>
		<Text Include="..\..\code\cgame\cgame.def">
			<Filter>Resources</Filter>
		</Text>
	</ItemGroup>
</Project>
