<?xml version="1.0" encoding="utf-8"?>
<Project ToolsVersion="14.0" xmlns="http://schemas.microsoft.com/developer/msbuild/2003">
	<ItemGroup>
		<Filter Include="Source Files">
			<UniqueIdentifier>{A8976269-4EFF-4D9D-AF3C-F6F87194E9CC}</UniqueIdentifier>
			<Extensions>c;cpp</Extensions>
		</Filter>
		<Filter Include="Include Files">
			<UniqueIdentifier>{8E43BBCD-4845-41EC-B3D8-8F637D31E618}</UniqueIdentifier>
			<Extensions>h;hpp</Extensions>
		</Filter>
		<Filter Include="Resources">
			<UniqueIdentifier>{5A5E7235-4E1C-4F98-8502-82209585A3D5}</UniqueIdentifier>
			<Extensions>rc;appxmanifest;pfx;txt;def;xml</Extensions>
		</Filter>
	</ItemGroup>
	<ItemGroup>
		<ClCompile Include="..\..\code\ui\ui_atoms.c">
			<Filter>Source Files</Filter>
		</ClCompile>
		<ClCompile Include="..\..\code\ui\ui_gameinfo.c">
			<Filter>Source Files</Filter>
		</ClCompile>
		<ClCompile Include="..\..\code\ui\ui_main.c">
			<Filter>Source Files</Filter>
		</ClCompile>
		<ClCompile Include="..\..\code\ui\ui_players.c">
			<Filter>Source Files</Filter>
		</ClCompile>
		<ClCompile Include="..\..\code\ui\ui_shared.c">
			<Filter>Source Files</Filter>
		</ClCompile>
		<ClCompile Include="..\..\code\ui\ui_syscalls.c">
			<Filter>Source Files</Filter>
		</ClCompile>
		<ClCompile Include="..\..\code\ui\ui_util.c">
			<Filter>Source Files</Filter>
		</ClCompile>
	</ItemGroup>
	<ItemGroup>
		<ClInclude Include="..\..\code\ui\keycodes.h">
			<Filter>Include Files</Filter>
		</ClInclude>
		<ClInclude Include="..\..\code\ui\ui_local.h">
			<Filter>Include Files</Filter>
		</ClInclude>
		<ClInclude Include="..\..\code\ui\ui_public.h">
			<Filter>Include Files</Filter>
		</ClInclude>
		<ClInclude Include="..\..\code\ui\ui_shared.h">
			<Filter>Include Files</Filter>
		</ClInclude>
	</ItemGroup>
	<ItemGroup>
		<Text Include="..\..\code\ui\ui.def">
			<Filter>Resources</Filter>
		</Text>
	</ItemGroup>
</Project>
