<?xml version="1.0" encoding="utf-8"?>
<Project ToolsVersion="4.0" xmlns="http://schemas.microsoft.com/developer/msbuild/2003">
	<ItemGroup>
		<Filter Include="Source Files">
			<UniqueIdentifier>{196AF504-C20C-485A-99D9-9E7187EB5D47}</UniqueIdentifier>
			<Extensions>c;cpp</Extensions>
		</Filter>
		<Filter Include="Include Files">
			<UniqueIdentifier>{AC51B3B4-4964-4ECE-8F6B-7A7ABBAF02F3}</UniqueIdentifier>
			<Extensions>h;hpp</Extensions>
		</Filter>
	</ItemGroup>
	<ItemGroup>
		<ClCompile Include="..\..\code\server\sv_bot.c">
			<Filter>Source Files</Filter>
		</ClCompile>
		<ClCompile Include="..\..\code\server\sv_ccmds.c">
			<Filter>Source Files</Filter>
		</ClCompile>
		<ClCompile Include="..\..\code\server\sv_client.c">
			<Filter>Source Files</Filter>
		</ClCompile>
		<ClCompile Include="..\..\code\server\sv_game.c">
			<Filter>Source Files</Filter>
		</ClCompile>
		<ClCompile Include="..\..\code\server\sv_init.c">
			<Filter>Source Files</Filter>
		</ClCompile>
		<ClCompile Include="..\..\code\server\sv_main.c">
			<Filter>Source Files</Filter>
		</ClCompile>
		<ClCompile Include="..\..\code\server\sv_net_chan.c">
			<Filter>Source Files</Filter>
		</ClCompile>
		<ClCompile Include="..\..\code\server\sv_rankings.c">
			<Filter>Source Files</Filter>
		</ClCompile>
		<ClCompile Include="..\..\code\server\sv_snapshot.c">
			<Filter>Source Files</Filter>
		</ClCompile>
		<ClCompile Include="..\..\code\server\sv_world.c">
			<Filter>Source Files</Filter>
		</ClCompile>
	</ItemGroup>
	<ItemGroup>
		<ClInclude Include="..\..\code\server\server.h">
			<Filter>Include Files</Filter>
		</ClInclude>
	</ItemGroup>
</Project>
