<?xml version="1.0" encoding="utf-8"?>
<Project ToolsVersion="4.0" xmlns="http://schemas.microsoft.com/developer/msbuild/2003">
	<ItemGroup>
		<Filter Include="Source Files">
			<UniqueIdentifier>{21E19813-A80F-47B3-8FAB-6C345E7D0BB6}</UniqueIdentifier>
			<Extensions>c;cpp</Extensions>
		</Filter>
		<Filter Include="Include Files">
			<UniqueIdentifier>{8D7DAD8E-BB1F-4D22-8688-1CFD833F0CD2}</UniqueIdentifier>
			<Extensions>h;hpp</Extensions>
		</Filter>
	</ItemGroup>
	<ItemGroup>
		<ClCompile Include="..\..\code\xaudio\xaudio_main.cpp">
			<Filter>Source Files</Filter>
		</ClCompile>
	</ItemGroup>
	<ItemGroup>
		<ClInclude Include="..\..\code\xaudio\xaudio_local.h">
			<Filter>Include Files</Filter>
		</ClInclude>
		<ClInclude Include="..\..\code\xaudio\xaudio_public.h">
			<Filter>Include Files</Filter>
		</ClInclude>
	</ItemGroup>
</Project>
