<?xml version="1.0" encoding="utf-8"?>
<Project ToolsVersion="14.0" xmlns="http://schemas.microsoft.com/developer/msbuild/2003">
	<ItemGroup>
		<Filter Include="Source Files">
			<UniqueIdentifier>{4E753684-964B-47A7-BAC2-916EC248ED28}</UniqueIdentifier>
			<Extensions>c;cpp</Extensions>
		</Filter>
		<Filter Include="Source Files\DirectXTK12">
			<UniqueIdentifier>{C8D75C5D-13DA-497A-9D13-3785CC8D1812}</UniqueIdentifier>
		</Filter>
		<Filter Include="Source Files\XBO">
			<UniqueIdentifier>{B304D7AF-5788-4E0A-B24C-A36984922AA6}</UniqueIdentifier>
		</Filter>
		<Filter Include="Include Files">
			<UniqueIdentifier>{B398E8E6-9230-4892-9865-6F130389D966}</UniqueIdentifier>
			<Extensions>h;hpp</Extensions>
		</Filter>
		<Filter Include="Include Files\DirectXTK12">
			<UniqueIdentifier>{7F6C4AB4-991B-4DC2-A34E-B9D8546C1A95}</UniqueIdentifier>
		</Filter>
		<Filter Include="Include Files\DirectXTK12">
			<UniqueIdentifier>{67E5E311-6F5B-4315-BE5F-A8AD87BE852B}</UniqueIdentifier>
		</Filter>
		<Filter Include="Include Files\XBO">
			<UniqueIdentifier>{5091A7B7-1E94-4396-BCCF-AC3B6682484B}</UniqueIdentifier>
		</Filter>
		<Filter Include="Resources">
			<UniqueIdentifier>{4292AFC8-C22A-4D8F-B070-89C57123614D}</UniqueIdentifier>
			<Extensions>rc;appxmanifest;pfx;txt;def;xml</Extensions>
		</Filter>
		<Filter Include="Resources\DirectXTK12">
			<UniqueIdentifier>{398D58C4-9D46-4E8E-B2E4-C67D7027FC4E}</UniqueIdentifier>
		</Filter>
		<Filter Include="Resources\DirectXTK12">
			<UniqueIdentifier>{4C2A6B13-27A4-4B05-AEB3-2FA8E466650F}</UniqueIdentifier>
		</Filter>
	</ItemGroup>
	<ItemGroup>
		<ClCompile Include="..\..\code\d3d12\BackBufferState.cpp">
			<Filter>Source Files</Filter>
		</ClCompile>
		<ClCompile Include="..\..\code\d3d12\BlurPP.cpp">
			<Filter>Source Files</Filter>
		</ClCompile>
		<ClCompile Include="..\..\code\d3d12\CommandState.cpp">
			<Filter>Source Files</Filter>
		</ClCompile>
		<ClCompile Include="..\..\code\d3d12\ConstantBuffer.cpp">
			<Filter>Source Files</Filter>
		</ClCompile>
		<ClCompile Include="..\..\code\d3d12\D3D12Core.cpp">
			<Filter>Source Files</Filter>
		</ClCompile>
		<ClCompile Include="..\..\code\d3d12\D3D12QAPI.cpp">
			<Filter>Source Files</Filter>
		</ClCompile>
		<ClCompile Include="..\..\code\d3d12\DescriptorBatch.cpp">
			<Filter>Source Files</Filter>
		</ClCompile>
		<ClCompile Include="..\..\code\d3d12\DescriptorHeaps.cpp">
			<Filter>Source Files</Filter>
		</ClCompile>
		<ClCompile Include="..\..\code\d3d12\Device.cpp">
			<Filter>Source Files</Filter>
		</ClCompile>
		<ClCompile Include="..\..\code\d3d12\DlightBuffers.cpp">
			<Filter>Source Files</Filter>
		</ClCompile>
		<ClCompile Include="..\..\code\d3d12\DrawStages.cpp">
			<Filter>Source Files</Filter>
		</ClCompile>
		<ClCompile Include="..\..\code\d3d12\Fence.cpp">
			<Filter>Source Files</Filter>
		</ClCompile>
		<ClCompile Include="..\..\code\d3d12\Frame.cpp">
			<Filter>Source Files</Filter>
		</ClCompile>
		<ClCompile Include="..\..\code\d3d12\FSQ.cpp">
			<Filter>Source Files</Filter>
		</ClCompile>
		<ClCompile Include="..\..\code\d3d12\GenericDrawStage.cpp">
			<Filter>Source Files</Filter>
		</ClCompile>
		<ClCompile Include="..\..\code\d3d12\GenericDrawStageDepth.cpp">
			<Filter>Source Files</Filter>
		</ClCompile>
		<ClCompile Include="..\..\code\d3d12\GenericDrawStageDlight.cpp">
			<Filter>Source Files</Filter>
		</ClCompile>
		<ClCompile Include="..\..\code\d3d12\GenericDrawStageMT.cpp">
			<Filter>Source Files</Filter>
		</ClCompile>
		<ClCompile Include="..\..\code\d3d12\GenericDrawStageST.cpp">
			<Filter>Source Files</Filter>
		</ClCompile>
		<ClCompile Include="..\..\code\d3d12\GenericDrawStageUnlitST.cpp">
			<Filter>Source Files</Filter>
		</ClCompile>
		<ClCompile Include="..\..\code\d3d12\GenericShaders.cpp">
			<Filter>Source Files</Filter>
		</ClCompile>
		<ClCompile Include="..\..\code\d3d12\GlobalCommandList.cpp">
			<Filter>Source Files</Filter>
		</ClCompile>
		<ClCompile Include="..\..\code\d3d12\Image.cpp">
			<Filter>Source Files</Filter>
		</ClCompile>
		<ClCompile Include="..\..\code\d3d12\pch.cpp">
			<Filter>Source Files</Filter>
		</ClCompile>
		<ClCompile Include="..\..\code\d3d12\PipelineState.cpp">
			<Filter>Source Files</Filter>
		</ClCompile>
		<ClCompile Include="..\..\code\d3d12\PostProcess.cpp">
			<Filter>Source Files</Filter>
		</ClCompile>
		<ClCompile Include="..\..\code\d3d12\PSODB.cpp">
			<Filter>Source Files</Filter>
		</ClCompile>
		<ClCompile Include="..\..\code\d3d12\RenderState.cpp">
			<Filter>Source Files</Filter>
		</ClCompile>
		<ClCompile Include="..\..\code\d3d12\Resources.cpp">
			<Filter>Source Files</Filter>
		</ClCompile>
		<ClCompile Include="..\..\code\d3d12\RootSignature.cpp">
			<Filter>Source Files</Filter>
		</ClCompile>
		<ClCompile Include="..\..\code\d3d12\Shader.cpp">
			<Filter>Source Files</Filter>
		</ClCompile>
		<ClCompile Include="..\..\code\d3d12\SkyBox.cpp">
			<Filter>Source Files</Filter>
		</ClCompile>
		<ClCompile Include="..\..\code\d3d12\SwapChain.cpp">
			<Filter>Source Files</Filter>
		</ClCompile>
		<ClCompile Include="..\..\code\d3d12\TessBuffers.cpp">
			<Filter>Source Files</Filter>
		</ClCompile>
		<ClCompile Include="..\..\code\d3d12\Upload.cpp">
			<Filter>Source Files</Filter>
		</ClCompile>
		<ClCompile Include="..\..\code\d3d12\UploadRingBuffer.cpp">
			<Filter>Source Files</Filter>
		</ClCompile>
		<ClCompile Include="..\..\code\d3d12\UploadScratch.cpp">
			<Filter>Source Files</Filter>
		</ClCompile>
		<ClCompile Include="..\..\code\d3d12\DirectXTK12\DDSTextureLoader.cpp">
			<Filter>Source Files\DirectXTK12</Filter>
		</ClCompile>
		<ClCompile Include="..\..\code\d3d12\XBO\EQAAResolve.cpp">
			<Filter>Source Files\XBO</Filter>
		</ClCompile>
	</ItemGroup>
	<ItemGroup>
		<ClInclude Include="..\..\code\d3d12\BackBufferState.h">
			<Filter>Include Files</Filter>
		</ClInclude>
		<ClInclude Include="..\..\code\d3d12\BlurPP.h">
			<Filter>Include Files</Filter>
		</ClInclude>
		<ClInclude Include="..\..\code\d3d12\CommandState.h">
			<Filter>Include Files</Filter>
		</ClInclude>
		<ClInclude Include="..\..\code\d3d12\ConstantBuffer.h">
			<Filter>Include Files</Filter>
		</ClInclude>
		<ClInclude Include="..\..\code\d3d12\D3D12Core.h">
			<Filter>Include Files</Filter>
		</ClInclude>
		<ClInclude Include="..\..\code\d3d12\D3D12QAPI.h">
			<Filter>Include Files</Filter>
		</ClInclude>
		<ClInclude Include="..\..\code\d3d12\DescriptorBatch.h">
			<Filter>Include Files</Filter>
		</ClInclude>
		<ClInclude Include="..\..\code\d3d12\DescriptorHeaps.h">
			<Filter>Include Files</Filter>
		</ClInclude>
		<ClInclude Include="..\..\code\d3d12\Device.h">
			<Filter>Include Files</Filter>
		</ClInclude>
		<ClInclude Include="..\..\code\d3d12\DlightBuffers.h">
			<Filter>Include Files</Filter>
		</ClInclude>
		<ClInclude Include="..\..\code\d3d12\DrawStages.h">
			<Filter>Include Files</Filter>
		</ClInclude>
		<ClInclude Include="..\..\code\d3d12\Fence.h">
			<Filter>Include Files</Filter>
		</ClInclude>
		<ClInclude Include="..\..\code\d3d12\Frame.h">
			<Filter>Include Files</Filter>
		</ClInclude>
		<ClInclude Include="..\..\code\d3d12\FSQ.h">
			<Filter>Include Files</Filter>
		</ClInclude>
		<ClInclude Include="..\..\code\d3d12\GenericDrawStage.h">
			<Filter>Include Files</Filter>
		</ClInclude>
		<ClInclude Include="..\..\code\d3d12\GenericDrawStageDepth.h">
			<Filter>Include Files</Filter>
		</ClInclude>
		<ClInclude Include="..\..\code\d3d12\GenericDrawStageDlight.h">
			<Filter>Include Files</Filter>
		</ClInclude>
		<ClInclude Include="..\..\code\d3d12\GenericDrawStageMT.h">
			<Filter>Include Files</Filter>
		</ClInclude>
		<ClInclude Include="..\..\code\d3d12\GenericDrawStageST.h">
			<Filter>Include Files</Filter>
		</ClInclude>
		<ClInclude Include="..\..\code\d3d12\GenericDrawStageUnlitST.h">
			<Filter>Include Files</Filter>
		</ClInclude>
		<ClInclude Include="..\..\code\d3d12\GenericShaders.h">
			<Filter>Include Files</Filter>
		</ClInclude>
		<ClInclude Include="..\..\code\d3d12\GlobalCommandList.h">
			<Filter>Include Files</Filter>
		</ClInclude>
		<ClInclude Include="..\..\code\d3d12\Image.h">
			<Filter>Include Files</Filter>
		</ClInclude>
		<ClInclude Include="..\..\code\d3d12\pch.h">
			<Filter>Include Files</Filter>
		</ClInclude>
		<ClInclude Include="..\..\code\d3d12\PipelineState.h">
			<Filter>Include Files</Filter>
		</ClInclude>
		<ClInclude Include="..\..\code\d3d12\PostProcess.h">
			<Filter>Include Files</Filter>
		</ClInclude>
		<ClInclude Include="..\..\code\d3d12\PSODB.h">
			<Filter>Include Files</Filter>
		</ClInclude>
		<ClInclude Include="..\..\code\d3d12\RenderState.h">
			<Filter>Include Files</Filter>
		</ClInclude>
		<ClInclude Include="..\..\code\d3d12\Resources.h">
			<Filter>Include Files</Filter>
		</ClInclude>
		<ClInclude Include="..\..\code\d3d12\RootSignature.h">
			<Filter>Include Files</Filter>
		</ClInclude>
		<ClInclude Include="..\..\code\d3d12\Shader.h">
			<Filter>Include Files</Filter>
		</ClInclude>
		<ClInclude Include="..\..\code\d3d12\SkyBox.h">
			<Filter>Include Files</Filter>
		</ClInclude>
		<ClInclude Include="..\..\code\d3d12\SwapChain.h">
			<Filter>Include Files</Filter>
		</ClInclude>
		<ClInclude Include="..\..\code\d3d12\TessBuffers.h">
			<Filter>Include Files</Filter>
		</ClInclude>
		<ClInclude Include="..\..\code\d3d12\Upload.h">
			<Filter>Include Files</Filter>
		</ClInclude>
		<ClInclude Include="..\..\code\d3d12\UploadRingBuffer.h">
			<Filter>Include Files</Filter>
		</ClInclude>
		<ClInclude Include="..\..\code\d3d12\UploadScratch.h">
			<Filter>Include Files</Filter>
		</ClInclude>
		<ClInclude Include="..\..\code\d3d12\DirectXTK12\d3dx12.h">
			<Filter>Include Files\DirectXTK12</Filter>
		</ClInclude>
		<ClInclude Include="..\..\code\d3d12\DirectXTK12\DDSTextureLoader.h">
			<Filter>Include Files\DirectXTK12</Filter>
		</ClInclude>
		<ClInclude Include="..\..\code\d3d12\XBO\EQAAResolve.h">
			<Filter>Include Files\XBO</Filter>
		</ClInclude>
	</ItemGroup>
	<ItemGroup>
		<Text Include="..\..\code\d3d12\DirectXTK12\MIT.txt">
			<Filter>Resources\DirectXTK12</Filter>
		</Text>
		<Text Include="..\..\code\d3d12\DirectXTK12\Readme.txt">
			<Filter>Resources\DirectXTK12</Filter>
		</Text>
	</ItemGroup>
</Project>
