<?xml version="1.0" encoding="utf-8"?>
<Project ToolsVersion="14.0" xmlns="http://schemas.microsoft.com/developer/msbuild/2003">
	<ItemGroup>
		<Filter Include="Source Files">
			<UniqueIdentifier>{4C3B621F-0E3C-40DB-BA38-63DA8C0AA006}</UniqueIdentifier>
			<Extensions>c;cpp</Extensions>
		</Filter>
		<Filter Include="Include Files">
			<UniqueIdentifier>{C8BA885C-3082-4CC9-B6DA-D5C2C7921826}</UniqueIdentifier>
			<Extensions>h;hpp</Extensions>
		</Filter>
		<Filter Include="Include Files\DirectXTK">
			<UniqueIdentifier>{B3F0D002-02A4-413B-8FD3-2F4ABF7D0B75}</UniqueIdentifier>
		</Filter>
		<Filter Include="Resources">
			<UniqueIdentifier>{480916C7-8BE5-44E1-BB7F-BFDD9E677462}</UniqueIdentifier>
			<Extensions>rc;appxmanifest;pfx;txt;def;xml</Extensions>
		</Filter>
		<Filter Include="Resources\DirectXTK">
			<UniqueIdentifier>{59E093F5-AE28-4D46-9027-74022D99EE68}</UniqueIdentifier>
		</Filter>
		<Filter Include="Resources\DirectXTK">
			<UniqueIdentifier>{62E55367-530A-4B01-BEFE-6D3BE56866DE}</UniqueIdentifier>
		</Filter>
	</ItemGroup>
	<ItemGroup>
		<ClCompile Include="..\..\code\d3d11\D3D11Core.cpp">
			<Filter>Source Files</Filter>
		</ClCompile>
		<ClCompile Include="..\..\code\d3d11\D3D11Device.cpp">
			<Filter>Source Files</Filter>
		</ClCompile>
		<ClCompile Include="..\..\code\d3d11\D3D11Draw.cpp">
			<Filter>Source Files</Filter>
		</ClCompile>
		<ClCompile Include="..\..\code\d3d11\D3D11DrawData.cpp">
			<Filter>Source Files</Filter>
		</ClCompile>
		<ClCompile Include="..\..\code\d3d11\D3D11Driver.cpp">
			<Filter>Source Files</Filter>
		</ClCompile>
		<ClCompile Include="..\..\code\d3d11\D3D11Image.cpp">
			<Filter>Source Files</Filter>
		</ClCompile>
		<ClCompile Include="..\..\code\d3d11\D3D11Shaders.cpp">
			<Filter>Source Files</Filter>
		</ClCompile>
		<ClCompile Include="..\..\code\d3d11\D3D11State.cpp">
			<Filter>Source Files</Filter>
		</ClCompile>
		<ClCompile Include="..\..\code\d3d11\pch.cpp">
			<Filter>Source Files</Filter>
		</ClCompile>
	</ItemGroup>
	<ItemGroup>
		<ClInclude Include="..\..\code\d3d11\D3D11Core.h">
			<Filter>Include Files</Filter>
		</ClInclude>
		<ClInclude Include="..\..\code\d3d11\D3D11Device.h">
			<Filter>Include Files</Filter>
		</ClInclude>
		<ClInclude Include="..\..\code\d3d11\D3D11Draw.h">
			<Filter>Include Files</Filter>
		</ClInclude>
		<ClInclude Include="..\..\code\d3d11\D3D11DrawData.h">
			<Filter>Include Files</Filter>
		</ClInclude>
		<ClInclude Include="..\..\code\d3d11\D3D11Driver.h">
			<Filter>Include Files</Filter>
		</ClInclude>
		<ClInclude Include="..\..\code\d3d11\D3D11Image.h">
			<Filter>Include Files</Filter>
		</ClInclude>
		<ClInclude Include="..\..\code\d3d11\D3D11Shaders.h">
			<Filter>Include Files</Filter>
		</ClInclude>
		<ClInclude Include="..\..\code\d3d11\D3D11State.h">
			<Filter>Include Files</Filter>
		</ClInclude>
		<ClInclude Include="..\..\code\d3d11\pch.h">
			<Filter>Include Files</Filter>
		</ClInclude>
		<ClInclude Include="..\..\code\d3d11\DirectXTK\DirectXHelpers.h">
			<Filter>Include Files\DirectXTK</Filter>
		</ClInclude>
	</ItemGroup>
	<ItemGroup>
		<Text Include="..\..\code\d3d11\DirectXTK\MIT.txt">
			<Filter>Resources\DirectXTK</Filter>
		</Text>
		<Text Include="..\..\code\d3d11\DirectXTK\Readme.txt">
			<Filter>Resources\DirectXTK</Filter>
		</Text>
	</ItemGroup>
</Project>
