<?xml version="1.0" encoding="utf-8"?>
<Project ToolsVersion="12.0" xmlns="http://schemas.microsoft.com/developer/msbuild/2003">
	<ItemGroup>
		<Filter Include="Source Files">
			<UniqueIdentifier>{2CA91C3D-A441-4BEC-8124-1A70D0D59CAA}</UniqueIdentifier>
			<Extensions>c;cpp</Extensions>
		</Filter>
		<Filter Include="Include Files">
			<UniqueIdentifier>{CF8E9616-E9B1-4CD4-9E12-F1EB9D8ECB47}</UniqueIdentifier>
			<Extensions>h;hpp</Extensions>
		</Filter>
		<Filter Include="Include Files\DirectXTK">
			<UniqueIdentifier>{A713BE44-DC79-4167-8E47-6CEB627BB0B9}</UniqueIdentifier>
		</Filter>
		<Filter Include="Resources">
			<UniqueIdentifier>{237ABA8F-E36E-4EE5-8FDC-66FF83BF576A}</UniqueIdentifier>
			<Extensions>rc;appxmanifest;pfx;txt;def;xml</Extensions>
		</Filter>
		<Filter Include="Resources\DirectXTK">
			<UniqueIdentifier>{BC41A184-C60D-4B53-858B-7F15AF3525BC}</UniqueIdentifier>
		</Filter>
		<Filter Include="Resources\DirectXTK">
			<UniqueIdentifier>{AD2154F1-CDE4-4EF1-84AF-1AE627174DCF}</UniqueIdentifier>
		</Filter>
	</ItemGroup>
	<ItemGroup>
		<ClCompile Include="..\..\code\d3d11\D3D11Core.cpp">
			<Filter>Source Files</Filter>
		</ClCompile>
		<ClCompile Include="..\..\code\d3d11\D3D11Device.cpp">
			<Filter>Source Files</Filter>
		</ClCompile>
		<ClCompile Include="..\..\code\d3d11\D3D11Draw.cpp">
			<Filter>Source Files</Filter>
		</ClCompile>
		<ClCompile Include="..\..\code\d3d11\D3D11DrawData.cpp">
			<Filter>Source Files</Filter>
		</ClCompile>
		<ClCompile Include="..\..\code\d3d11\D3D11Driver.cpp">
			<Filter>Source Files</Filter>
		</ClCompile>
		<ClCompile Include="..\..\code\d3d11\D3D11Image.cpp">
			<Filter>Source Files</Filter>
		</ClCompile>
		<ClCompile Include="..\..\code\d3d11\D3D11Shaders.cpp">
			<Filter>Source Files</Filter>
		</ClCompile>
		<ClCompile Include="..\..\code\d3d11\D3D11State.cpp">
			<Filter>Source Files</Filter>
		</ClCompile>
		<ClCompile Include="..\..\code\d3d11\pch.cpp">
			<Filter>Source Files</Filter>
		</ClCompile>
	</ItemGroup>
	<ItemGroup>
		<ClInclude Include="..\..\code\d3d11\D3D11Core.h">
			<Filter>Include Files</Filter>
		</ClInclude>
		<ClInclude Include="..\..\code\d3d11\D3D11Device.h">
			<Filter>Include Files</Filter>
		</ClInclude>
		<ClInclude Include="..\..\code\d3d11\D3D11Draw.h">
			<Filter>Include Files</Filter>
		</ClInclude>
		<ClInclude Include="..\..\code\d3d11\D3D11DrawData.h">
			<Filter>Include Files</Filter>
		</ClInclude>
		<ClInclude Include="..\..\code\d3d11\D3D11Driver.h">
			<Filter>Include Files</Filter>
		</ClInclude>
		<ClInclude Include="..\..\code\d3d11\D3D11Image.h">
			<Filter>Include Files</Filter>
		</ClInclude>
		<ClInclude Include="..\..\code\d3d11\D3D11Shaders.h">
			<Filter>Include Files</Filter>
		</ClInclude>
		<ClInclude Include="..\..\code\d3d11\D3D11State.h">
			<Filter>Include Files</Filter>
		</ClInclude>
		<ClInclude Include="..\..\code\d3d11\pch.h">
			<Filter>Include Files</Filter>
		</ClInclude>
		<ClInclude Include="..\..\code\d3d11\DirectXTK\DirectXHelpers.h">
			<Filter>Include Files\DirectXTK</Filter>
		</ClInclude>
	</ItemGroup>
	<ItemGroup>
		<Text Include="..\..\code\d3d11\DirectXTK\MIT.txt">
			<Filter>Resources\DirectXTK</Filter>
		</Text>
		<Text Include="..\..\code\d3d11\DirectXTK\Readme.txt">
			<Filter>Resources\DirectXTK</Filter>
		</Text>
	</ItemGroup>
</Project>
