<?xml version="1.0" encoding="utf-8"?>
<Project ToolsVersion="12.0" xmlns="http://schemas.microsoft.com/developer/msbuild/2003">
	<ItemGroup>
		<Filter Include="Source Files">
			<UniqueIdentifier>{C985827C-FD5D-48D9-AB55-BB2689C6B98A}</UniqueIdentifier>
			<Extensions>c;cpp</Extensions>
		</Filter>
		<Filter Include="Include Files">
			<UniqueIdentifier>{D892A56B-504F-407E-A79F-3C626DFB7A5B}</UniqueIdentifier>
			<Extensions>h;hpp</Extensions>
		</Filter>
	</ItemGroup>
	<ItemGroup>
		<ClCompile Include="..\..\code\xaudio\xaudio_main.cpp">
			<Filter>Source Files</Filter>
		</ClCompile>
	</ItemGroup>
	<ItemGroup>
		<ClInclude Include="..\..\code\xaudio\xaudio_local.h">
			<Filter>Include Files</Filter>
		</ClInclude>
		<ClInclude Include="..\..\code\xaudio\xaudio_public.h">
			<Filter>Include Files</Filter>
		</ClInclude>
	</ItemGroup>
</Project>
