<?xml version="1.0" encoding="utf-8"?>
<Project ToolsVersion="14.0" xmlns="http://schemas.microsoft.com/developer/msbuild/2003">
	<ItemGroup>
		<Filter Include="Source Files">
			<UniqueIdentifier>{44D70DB6-0196-45CF-98DD-382D98A30454}</UniqueIdentifier>
		</Filter>
		<Filter Include="Header Files">
			<UniqueIdentifier>{0A5B59B5-8449-4DA3-B5AF-E8346A005DEA}</UniqueIdentifier>
		</Filter>
	</ItemGroup>
	<ItemGroup>
		<ClCompile Include="..\..\code\game\bg_lib.c">
			<Filter>Source Files</Filter>
		</ClCompile>
		<ClCompile Include="..\..\code\game\bg_misc.c">
			<Filter>Source Files</Filter>
		</ClCompile>
		<ClCompile Include="..\..\code\game\bg_pmove.c">
			<Filter>Source Files</Filter>
		</ClCompile>
		<ClCompile Include="..\..\code\game\bg_slidemove.c">
			<Filter>Source Files</Filter>
		</ClCompile>
		<ClCompile Include="..\..\code\game\q_math.c">
			<Filter>Source Files</Filter>
		</ClCompile>
		<ClCompile Include="..\..\code\game\q_shared.c">
			<Filter>Source Files</Filter>
		</ClCompile>
		<ClCompile Include="..\..\code\ui\ui_shared.c">
			<Filter>Source Files</Filter>
		</ClCompile>
	</ItemGroup>
	<ItemGroup>
		<ClInclude Include="..\..\code\game\q_shared.h">
			<Filter>Header Files</Filter>
		</ClInclude>
		<ClInclude Include="..\..\code\game\bg_public.h">
			<Filter>Header Files</Filter>
		</ClInclude>
		<ClInclude Include="..\..\code\ui\ui_public.h">
			<Filter>Header Files</Filter>
		</ClInclude>
		<ClInclude Include="..\..\code\ui\ui_shared.h">
			<Filter>Header Files</Filter>
		</ClInclude>
	</ItemGroup>
</Project>
