<?xml version="1.0" encoding="utf-8"?>
<Project ToolsVersion="14.0" xmlns="http://schemas.microsoft.com/developer/msbuild/2003">
	<ItemGroup>
		<Filter Include="Source Files">
			<UniqueIdentifier>{CD5B051A-8F24-4CBE-97BC-625B7D7936C7}</UniqueIdentifier>
			<Extensions>c;cpp</Extensions>
		</Filter>
		<Filter Include="Source Files\null">
			<UniqueIdentifier>{891E9DF5-E825-4BFD-B3C7-4139118C7DD8}</UniqueIdentifier>
		</Filter>
	</ItemGroup>
	<ItemGroup>
		<ClCompile Include="..\..\code\account\null\null_account.c">
			<Filter>Source Files\null</Filter>
		</ClCompile>
	</ItemGroup>
</Project>
