<?xml version="1.0" encoding="utf-8"?>
<Project ToolsVersion="14.0" xmlns="http://schemas.microsoft.com/developer/msbuild/2003">
	<ItemGroup>
		<Filter Include="Source Files">
			<UniqueIdentifier>{5E1C141B-CA80-4EF1-B5DB-7BA8438919D7}</UniqueIdentifier>
			<Extensions>c;cpp</Extensions>
		</Filter>
		<Filter Include="Source Files\DirectXTK12">
			<UniqueIdentifier>{993E2349-2FFD-4C49-A5C8-6551C429432D}</UniqueIdentifier>
		</Filter>
		<Filter Include="Source Files\XBO">
			<UniqueIdentifier>{860806B0-A899-4A53-A374-A99183C02394}</UniqueIdentifier>
		</Filter>
		<Filter Include="Include Files">
			<UniqueIdentifier>{C37308C6-6F51-4CD4-A191-530121E25D95}</UniqueIdentifier>
			<Extensions>h;hpp</Extensions>
		</Filter>
		<Filter Include="Include Files\DirectXTK12">
			<UniqueIdentifier>{72F13038-6FE1-4B19-BA46-2717B0F5C71E}</UniqueIdentifier>
		</Filter>
		<Filter Include="Include Files\DirectXTK12">
			<UniqueIdentifier>{449A48C0-6AE1-4F0F-85B3-328C284DCC63}</UniqueIdentifier>
		</Filter>
		<Filter Include="Include Files\XBO">
			<UniqueIdentifier>{5CEF3F43-08B1-45C0-AA85-E5C2A4EE1D31}</UniqueIdentifier>
		</Filter>
		<Filter Include="Resources">
			<UniqueIdentifier>{CAE7D63F-FF9B-4B4C-990F-20EB40FDAECB}</UniqueIdentifier>
			<Extensions>rc;appxmanifest;pfx;txt;def;xml</Extensions>
		</Filter>
		<Filter Include="Resources\DirectXTK12">
			<UniqueIdentifier>{B418A5F4-AC08-4719-8F0C-289CFB18874D}</UniqueIdentifier>
		</Filter>
		<Filter Include="Resources\DirectXTK12">
			<UniqueIdentifier>{1B825433-283E-4EA2-90B4-19093EE107BF}</UniqueIdentifier>
		</Filter>
	</ItemGroup>
	<ItemGroup>
		<ClCompile Include="..\..\code\d3d12\BackBufferState.cpp">
			<Filter>Source Files</Filter>
		</ClCompile>
		<ClCompile Include="..\..\code\d3d12\BlurPP.cpp">
			<Filter>Source Files</Filter>
		</ClCompile>
		<ClCompile Include="..\..\code\d3d12\CommandState.cpp">
			<Filter>Source Files</Filter>
		</ClCompile>
		<ClCompile Include="..\..\code\d3d12\ConstantBuffer.cpp">
			<Filter>Source Files</Filter>
		</ClCompile>
		<ClCompile Include="..\..\code\d3d12\D3D12Core.cpp">
			<Filter>Source Files</Filter>
		</ClCompile>
		<ClCompile Include="..\..\code\d3d12\D3D12QAPI.cpp">
			<Filter>Source Files</Filter>
		</ClCompile>
		<ClCompile Include="..\..\code\d3d12\DescriptorBatch.cpp">
			<Filter>Source Files</Filter>
		</ClCompile>
		<ClCompile Include="..\..\code\d3d12\DescriptorHeaps.cpp">
			<Filter>Source Files</Filter>
		</ClCompile>
		<ClCompile Include="..\..\code\d3d12\Device.cpp">
			<Filter>Source Files</Filter>
		</ClCompile>
		<ClCompile Include="..\..\code\d3d12\DlightBuffers.cpp">
			<Filter>Source Files</Filter>
		</ClCompile>
		<ClCompile Include="..\..\code\d3d12\DrawStages.cpp">
			<Filter>Source Files</Filter>
		</ClCompile>
		<ClCompile Include="..\..\code\d3d12\Fence.cpp">
			<Filter>Source Files</Filter>
		</ClCompile>
		<ClCompile Include="..\..\code\d3d12\Frame.cpp">
			<Filter>Source Files</Filter>
		</ClCompile>
		<ClCompile Include="..\..\code\d3d12\FSQ.cpp">
			<Filter>Source Files</Filter>
		</ClCompile>
		<ClCompile Include="..\..\code\d3d12\GenericDrawStage.cpp">
			<Filter>Source Files</Filter>
		</ClCompile>
		<ClCompile Include="..\..\code\d3d12\GenericDrawStageDepth.cpp">
			<Filter>Source Files</Filter>
		</ClCompile>
		<ClCompile Include="..\..\code\d3d12\GenericDrawStageDlight.cpp">
			<Filter>Source Files</Filter>
		</ClCompile>
		<ClCompile Include="..\..\code\d3d12\GenericDrawStageMT.cpp">
			<Filter>Source Files</Filter>
		</ClCompile>
		<ClCompile Include="..\..\code\d3d12\GenericDrawStageST.cpp">
			<Filter>Source Files</Filter>
		</ClCompile>
		<ClCompile Include="..\..\code\d3d12\GenericDrawStageUnlitST.cpp">
			<Filter>Source Files</Filter>
		</ClCompile>
		<ClCompile Include="..\..\code\d3d12\GenericShaders.cpp">
			<Filter>Source Files</Filter>
		</ClCompile>
		<ClCompile Include="..\..\code\d3d12\GlobalCommandList.cpp">
			<Filter>Source Files</Filter>
		</ClCompile>
		<ClCompile Include="..\..\code\d3d12\Image.cpp">
			<Filter>Source Files</Filter>
		</ClCompile>
		<ClCompile Include="..\..\code\d3d12\pch.cpp">
			<Filter>Source Files</Filter>
		</ClCompile>
		<ClCompile Include="..\..\code\d3d12\PipelineState.cpp">
			<Filter>Source Files</Filter>
		</ClCompile>
		<ClCompile Include="..\..\code\d3d12\PostProcess.cpp">
			<Filter>Source Files</Filter>
		</ClCompile>
		<ClCompile Include="..\..\code\d3d12\PSODB.cpp">
			<Filter>Source Files</Filter>
		</ClCompile>
		<ClCompile Include="..\..\code\d3d12\RenderState.cpp">
			<Filter>Source Files</Filter>
		</ClCompile>
		<ClCompile Include="..\..\code\d3d12\Resources.cpp">
			<Filter>Source Files</Filter>
		</ClCompile>
		<ClCompile Include="..\..\code\d3d12\RootSignature.cpp">
			<Filter>Source Files</Filter>
		</ClCompile>
		<ClCompile Include="..\..\code\d3d12\Shader.cpp">
			<Filter>Source Files</Filter>
		</ClCompile>
		<ClCompile Include="..\..\code\d3d12\SkyBox.cpp">
			<Filter>Source Files</Filter>
		</ClCompile>
		<ClCompile Include="..\..\code\d3d12\SwapChain.cpp">
			<Filter>Source Files</Filter>
		</ClCompile>
		<ClCompile Include="..\..\code\d3d12\TessBuffers.cpp">
			<Filter>Source Files</Filter>
		</ClCompile>
		<ClCompile Include="..\..\code\d3d12\Upload.cpp">
			<Filter>Source Files</Filter>
		</ClCompile>
		<ClCompile Include="..\..\code\d3d12\UploadRingBuffer.cpp">
			<Filter>Source Files</Filter>
		</ClCompile>
		<ClCompile Include="..\..\code\d3d12\UploadScratch.cpp">
			<Filter>Source Files</Filter>
		</ClCompile>
		<ClCompile Include="..\..\code\d3d12\DirectXTK12\DDSTextureLoader.cpp">
			<Filter>Source Files\DirectXTK12</Filter>
		</ClCompile>
		<ClCompile Include="..\..\code\d3d12\XBO\EQAAResolve.cpp">
			<Filter>Source Files\XBO</Filter>
		</ClCompile>
	</ItemGroup>
	<ItemGroup>
		<ClInclude Include="..\..\code\d3d12\BackBufferState.h">
			<Filter>Include Files</Filter>
		</ClInclude>
		<ClInclude Include="..\..\code\d3d12\BlurPP.h">
			<Filter>Include Files</Filter>
		</ClInclude>
		<ClInclude Include="..\..\code\d3d12\CommandState.h">
			<Filter>Include Files</Filter>
		</ClInclude>
		<ClInclude Include="..\..\code\d3d12\ConstantBuffer.h">
			<Filter>Include Files</Filter>
		</ClInclude>
		<ClInclude Include="..\..\code\d3d12\D3D12Core.h">
			<Filter>Include Files</Filter>
		</ClInclude>
		<ClInclude Include="..\..\code\d3d12\D3D12QAPI.h">
			<Filter>Include Files</Filter>
		</ClInclude>
		<ClInclude Include="..\..\code\d3d12\DescriptorBatch.h">
			<Filter>Include Files</Filter>
		</ClInclude>
		<ClInclude Include="..\..\code\d3d12\DescriptorHeaps.h">
			<Filter>Include Files</Filter>
		</ClInclude>
		<ClInclude Include="..\..\code\d3d12\Device.h">
			<Filter>Include Files</Filter>
		</ClInclude>
		<ClInclude Include="..\..\code\d3d12\DlightBuffers.h">
			<Filter>Include Files</Filter>
		</ClInclude>
		<ClInclude Include="..\..\code\d3d12\DrawStages.h">
			<Filter>Include Files</Filter>
		</ClInclude>
		<ClInclude Include="..\..\code\d3d12\Fence.h">
			<Filter>Include Files</Filter>
		</ClInclude>
		<ClInclude Include="..\..\code\d3d12\Frame.h">
			<Filter>Include Files</Filter>
		</ClInclude>
		<ClInclude Include="..\..\code\d3d12\FSQ.h">
			<Filter>Include Files</Filter>
		</ClInclude>
		<ClInclude Include="..\..\code\d3d12\GenericDrawStage.h">
			<Filter>Include Files</Filter>
		</ClInclude>
		<ClInclude Include="..\..\code\d3d12\GenericDrawStageDepth.h">
			<Filter>Include Files</Filter>
		</ClInclude>
		<ClInclude Include="..\..\code\d3d12\GenericDrawStageDlight.h">
			<Filter>Include Files</Filter>
		</ClInclude>
		<ClInclude Include="..\..\code\d3d12\GenericDrawStageMT.h">
			<Filter>Include Files</Filter>
		</ClInclude>
		<ClInclude Include="..\..\code\d3d12\GenericDrawStageST.h">
			<Filter>Include Files</Filter>
		</ClInclude>
		<ClInclude Include="..\..\code\d3d12\GenericDrawStageUnlitST.h">
			<Filter>Include Files</Filter>
		</ClInclude>
		<ClInclude Include="..\..\code\d3d12\GenericShaders.h">
			<Filter>Include Files</Filter>
		</ClInclude>
		<ClInclude Include="..\..\code\d3d12\GlobalCommandList.h">
			<Filter>Include Files</Filter>
		</ClInclude>
		<ClInclude Include="..\..\code\d3d12\Image.h">
			<Filter>Include Files</Filter>
		</ClInclude>
		<ClInclude Include="..\..\code\d3d12\pch.h">
			<Filter>Include Files</Filter>
		</ClInclude>
		<ClInclude Include="..\..\code\d3d12\PipelineState.h">
			<Filter>Include Files</Filter>
		</ClInclude>
		<ClInclude Include="..\..\code\d3d12\PostProcess.h">
			<Filter>Include Files</Filter>
		</ClInclude>
		<ClInclude Include="..\..\code\d3d12\PSODB.h">
			<Filter>Include Files</Filter>
		</ClInclude>
		<ClInclude Include="..\..\code\d3d12\RenderState.h">
			<Filter>Include Files</Filter>
		</ClInclude>
		<ClInclude Include="..\..\code\d3d12\Resources.h">
			<Filter>Include Files</Filter>
		</ClInclude>
		<ClInclude Include="..\..\code\d3d12\RootSignature.h">
			<Filter>Include Files</Filter>
		</ClInclude>
		<ClInclude Include="..\..\code\d3d12\Shader.h">
			<Filter>Include Files</Filter>
		</ClInclude>
		<ClInclude Include="..\..\code\d3d12\SkyBox.h">
			<Filter>Include Files</Filter>
		</ClInclude>
		<ClInclude Include="..\..\code\d3d12\SwapChain.h">
			<Filter>Include Files</Filter>
		</ClInclude>
		<ClInclude Include="..\..\code\d3d12\TessBuffers.h">
			<Filter>Include Files</Filter>
		</ClInclude>
		<ClInclude Include="..\..\code\d3d12\Upload.h">
			<Filter>Include Files</Filter>
		</ClInclude>
		<ClInclude Include="..\..\code\d3d12\UploadRingBuffer.h">
			<Filter>Include Files</Filter>
		</ClInclude>
		<ClInclude Include="..\..\code\d3d12\UploadScratch.h">
			<Filter>Include Files</Filter>
		</ClInclude>
		<ClInclude Include="..\..\code\d3d12\DirectXTK12\d3dx12.h">
			<Filter>Include Files\DirectXTK12</Filter>
		</ClInclude>
		<ClInclude Include="..\..\code\d3d12\DirectXTK12\DDSTextureLoader.h">
			<Filter>Include Files\DirectXTK12</Filter>
		</ClInclude>
		<ClInclude Include="..\..\code\d3d12\XBO\EQAAResolve.h">
			<Filter>Include Files\XBO</Filter>
		</ClInclude>
	</ItemGroup>
	<ItemGroup>
		<Text Include="..\..\code\d3d12\DirectXTK12\MIT.txt">
			<Filter>Resources\DirectXTK12</Filter>
		</Text>
		<Text Include="..\..\code\d3d12\DirectXTK12\Readme.txt">
			<Filter>Resources\DirectXTK12</Filter>
		</Text>
	</ItemGroup>
</Project>
