<?xml version="1.0" encoding="utf-8"?>
<Project ToolsVersion="14.0" xmlns="http://schemas.microsoft.com/developer/msbuild/2003">
	<ItemGroup>
		<Filter Include="Pixel Shaders">
			<UniqueIdentifier>{285D926F-AD67-4704-933C-AC2E97BFFD84}</UniqueIdentifier>
		</Filter>
		<Filter Include="Pixel Shaders\4.0_level_9_3">
			<UniqueIdentifier>{5A79E17A-C3B8-40B9-A5F2-F499A3745DA6}</UniqueIdentifier>
		</Filter>
		<Filter Include="Pixel Shaders\4.0_level_9_3">
			<UniqueIdentifier>{B4531B60-4DE4-4799-B428-56323185B55C}</UniqueIdentifier>
		</Filter>
		<Filter Include="Pixel Shaders\5.0">
			<UniqueIdentifier>{7F7B3FF9-D01E-42FA-9ED2-D13AE7F729BE}</UniqueIdentifier>
		</Filter>
		<Filter Include="Pixel Shaders\5.0">
			<UniqueIdentifier>{5F7A28BE-B7AA-47E9-9891-FD8344920010}</UniqueIdentifier>
		</Filter>
		<Filter Include="Pixel Shaders\5.0">
			<UniqueIdentifier>{841C1AB9-2601-4ED0-89D0-C7E8633526A5}</UniqueIdentifier>
		</Filter>
		<Filter Include="Vertex Shaders">
			<UniqueIdentifier>{98136359-8F93-488F-928E-2C0B2E1A2304}</UniqueIdentifier>
		</Filter>
		<Filter Include="Vertex Shaders\4.0_level_9_3">
			<UniqueIdentifier>{FE1B3373-4ED1-458A-8330-221F867B8063}</UniqueIdentifier>
		</Filter>
		<Filter Include="Vertex Shaders\4.0_level_9_3">
			<UniqueIdentifier>{A32F2390-D884-4AB9-8074-A2443651E441}</UniqueIdentifier>
		</Filter>
		<Filter Include="Vertex Shaders\5.0">
			<UniqueIdentifier>{389B7A0E-DA2E-4E13-86B0-05C63CF93975}</UniqueIdentifier>
		</Filter>
		<Filter Include="Vertex Shaders\5.0">
			<UniqueIdentifier>{0C80BC5B-4EF8-40A1-8B8C-A772077F55DC}</UniqueIdentifier>
		</Filter>
		<Filter Include="Vertex Shaders\5.0">
			<UniqueIdentifier>{B5119591-F4D1-4C45-AB9D-CC00B8D4E6A0}</UniqueIdentifier>
		</Filter>
		<Filter Include="Compute Shaders">
			<UniqueIdentifier>{5EEC1A70-A3A5-4DCA-83C7-414B377D7EA8}</UniqueIdentifier>
		</Filter>
		<Filter Include="Compute Shaders\xbo">
			<UniqueIdentifier>{8A34E059-DD77-4205-A3B4-90A8B8EAB8A2}</UniqueIdentifier>
		</Filter>
		<Filter Include="Header Files">
			<UniqueIdentifier>{DDC0BBED-CA9B-4894-967F-61CECA95E99C}</UniqueIdentifier>
			<Extensions>h</Extensions>
		</Filter>
		<Filter Include="Header Files\5.0">
			<UniqueIdentifier>{03A24156-4018-484B-B0F5-0B3AAEFA1F68}</UniqueIdentifier>
		</Filter>
	</ItemGroup>
	<ItemGroup>
		<Text Include="..\..\code\hlsl\pscommon.h">
			<Filter>Header Files</Filter>
		</Text>
		<Text Include="..\..\code\hlsl\vscommon.h">
			<Filter>Header Files</Filter>
		</Text>
		<Text Include="..\..\code\hlsl\5.0\pslight.h">
			<Filter>Header Files\5.0</Filter>
		</Text>
	</ItemGroup>
	<ItemGroup>
		<FxCompile Include="..\..\code\hlsl\depth_ps.hlsl">
			<Filter>Pixel Shaders</Filter>
		</FxCompile>
		<FxCompile Include="..\..\code\hlsl\fsq_ps.hlsl">
			<Filter>Pixel Shaders</Filter>
		</FxCompile>
		<FxCompile Include="..\..\code\hlsl\genericunlitst_ps.hlsl">
			<Filter>Pixel Shaders</Filter>
		</FxCompile>
		<FxCompile Include="..\..\code\hlsl\skybox_ps.hlsl">
			<Filter>Pixel Shaders</Filter>
		</FxCompile>
		<FxCompile Include="..\..\code\hlsl\4.0_level_9_3\genericmt_ps.hlsl">
			<Filter>Pixel Shaders\4.0_level_9_3</Filter>
		</FxCompile>
		<FxCompile Include="..\..\code\hlsl\4.0_level_9_3\genericst_ps.hlsl">
			<Filter>Pixel Shaders\4.0_level_9_3</Filter>
		</FxCompile>
		<FxCompile Include="..\..\code\hlsl\5.0\dlight_ps.hlsl">
			<Filter>Pixel Shaders\5.0</Filter>
		</FxCompile>
		<FxCompile Include="..\..\code\hlsl\5.0\genericmt_ps.hlsl">
			<Filter>Pixel Shaders\5.0</Filter>
		</FxCompile>
		<FxCompile Include="..\..\code\hlsl\5.0\genericst_ps.hlsl">
			<Filter>Pixel Shaders\5.0</Filter>
		</FxCompile>
		<FxCompile Include="..\..\code\hlsl\depth_vs.hlsl">
			<Filter>Vertex Shaders</Filter>
		</FxCompile>
		<FxCompile Include="..\..\code\hlsl\fsq_vs.hlsl">
			<Filter>Vertex Shaders</Filter>
		</FxCompile>
		<FxCompile Include="..\..\code\hlsl\skybox_vs.hlsl">
			<Filter>Vertex Shaders</Filter>
		</FxCompile>
		<FxCompile Include="..\..\code\hlsl\4.0_level_9_3\genericmt_vs.hlsl">
			<Filter>Vertex Shaders\4.0_level_9_3</Filter>
		</FxCompile>
		<FxCompile Include="..\..\code\hlsl\4.0_level_9_3\genericst_vs.hlsl">
			<Filter>Vertex Shaders\4.0_level_9_3</Filter>
		</FxCompile>
		<FxCompile Include="..\..\code\hlsl\5.0\dlight_vs.hlsl">
			<Filter>Vertex Shaders\5.0</Filter>
		</FxCompile>
		<FxCompile Include="..\..\code\hlsl\5.0\genericmt_vs.hlsl">
			<Filter>Vertex Shaders\5.0</Filter>
		</FxCompile>
		<FxCompile Include="..\..\code\hlsl\5.0\genericst_vs.hlsl">
			<Filter>Vertex Shaders\5.0</Filter>
		</FxCompile>
		<FxCompile Include="..\..\code\hlsl\blur_cs.hlsl">
			<Filter>Compute Shaders</Filter>
		</FxCompile>
		<FxCompile Include="..\..\code\hlsl\xbo\eqaa_resolve_cs.hlsl">
			<Filter>Compute Shaders\xbo</Filter>
		</FxCompile>
	</ItemGroup>
</Project>
